
Microsoft Visual Studio Solution File, Format Version 12.00
# Visual Studio 15
VisualStudioVersion = 15.0.27130.2024
MinimumVisualStudioVersion = 10.0.40219.1
Project("{FAE04EC0-301F-11D3-BF4B-00C04F79EFBC}") = "WiquuAppMovil.Android", "WiquuAppMovil\WiquuAppMovil.Android\WiquuAppMovil.Android.csproj", "{280C8142-11B1-4B78-A633-EDCFCF955CBA}"
EndProject
Project("{FAE04EC0-301F-11D3-BF4B-00C04F79EFBC}") = "WiquuAppMovil.iOS", "WiquuAppMovil\WiquuAppMovil.iOS\WiquuAppMovil.iOS.csproj", "{407C4BCD-B599-4130-A905-41AC37142C90}"
EndProject
Project("{9A19103F-16F7-4668-BE54-9A1E7A4F7556}") = "WiquuAppMovil", "WiquuAppMovil\WiquuAppMovil\WiquuAppMovil.csproj", "{BC885E91-BECA-40E4-97EC-97EC7A67628D}"
EndProject
Project("{FAE04EC0-301F-11D3-BF4B-00C04F79EFBC}") = "businessLogic", "businessLogic\businessLogic.csproj", "{3ED6D172-E50B-4FBB-9FF5-016EF83EAF00}"
EndProject
Project("{FAE04EC0-301F-11D3-BF4B-00C04F79EFBC}") = "managementData", "managementData\managementData.csproj", "{87D8C711-6F62-4E25-9358-6D9BF138EA70}"
EndProject
Project("{FAE04EC0-301F-11D3-BF4B-00C04F79EFBC}") = "dataAccess", "dataAccess\dataAccess.csproj", "{F98F9D84-0C2E-43C9-959A-AAFD3646A533}"
EndProject
Project("{FAE04EC0-301F-11D3-BF4B-00C04F79EFBC}") = "entity", "entity\entity.csproj", "{3CED01C8-C155-4DA7-A402-81E2C33FF5B4}"
EndProject
Global
	GlobalSection(SolutionConfigurationPlatforms) = preSolution
		Ad-Hoc|Any CPU = Ad-Hoc|Any CPU
		Ad-Hoc|iPhone = Ad-Hoc|iPhone
		Ad-Hoc|iPhoneSimulator = Ad-Hoc|iPhoneSimulator
		AppStore|Any CPU = AppStore|Any CPU
		AppStore|iPhone = AppStore|iPhone
		AppStore|iPhoneSimulator = AppStore|iPhoneSimulator
		Debug|Any CPU = Debug|Any CPU
		Debug|iPhone = Debug|iPhone
		Debug|iPhoneSimulator = Debug|iPhoneSimulator
		Release|Any CPU = Release|Any CPU
		Release|iPhone = Release|iPhone
		Release|iPhoneSimulator = Release|iPhoneSimulator
	EndGlobalSection
	GlobalSection(ProjectConfigurationPlatforms) = postSolution
		{280C8142-11B1-4B78-A633-EDCFCF955CBA}.Ad-Hoc|Any CPU.ActiveCfg = Release|Any CPU
		{280C8142-11B1-4B78-A633-EDCFCF955CBA}.Ad-Hoc|Any CPU.Build.0 = Release|Any CPU
		{280C8142-11B1-4B78-A633-EDCFCF955CBA}.Ad-Hoc|Any CPU.Deploy.0 = Release|Any CPU
		{280C8142-11B1-4B78-A633-EDCFCF955CBA}.Ad-Hoc|iPhone.ActiveCfg = Release|Any CPU
		{280C8142-11B1-4B78-A633-EDCFCF955CBA}.Ad-Hoc|iPhone.Build.0 = Release|Any CPU
		{280C8142-11B1-4B78-A633-EDCFCF955CBA}.Ad-Hoc|iPhone.Deploy.0 = Release|Any CPU
		{280C8142-11B1-4B78-A633-EDCFCF955CBA}.Ad-Hoc|iPhoneSimulator.ActiveCfg = Release|Any CPU
		{280C8142-11B1-4B78-A633-EDCFCF955CBA}.Ad-Hoc|iPhoneSimulator.Build.0 = Release|Any CPU
		{280C8142-11B1-4B78-A633-EDCFCF955CBA}.Ad-Hoc|iPhoneSimulator.Deploy.0 = Release|Any CPU
		{280C8142-11B1-4B78-A633-EDCFCF955CBA}.AppStore|Any CPU.ActiveCfg = Release|Any CPU
		{280C8142-11B1-4B78-A633-EDCFCF955CBA}.AppStore|Any CPU.Build.0 = Release|Any CPU
		{280C8142-11B1-4B78-A633-EDCFCF955CBA}.AppStore|Any CPU.Deploy.0 = Release|Any CPU
		{280C8142-11B1-4B78-A633-EDCFCF955CBA}.AppStore|iPhone.ActiveCfg = Release|Any CPU
		{280C8142-11B1-4B78-A633-EDCFCF955CBA}.AppStore|iPhone.Build.0 = Release|Any CPU
		{280C8142-11B1-4B78-A633-EDCFCF955CBA}.AppStore|iPhone.Deploy.0 = Release|Any CPU
		{280C8142-11B1-4B78-A633-EDCFCF955CBA}.AppStore|iPhoneSimulator.ActiveCfg = Release|Any CPU
		{280C8142-11B1-4B78-A633-EDCFCF955CBA}.AppStore|iPhoneSimulator.Build.0 = Release|Any CPU
		{280C8142-11B1-4B78-A633-EDCFCF955CBA}.AppStore|iPhoneSimulator.Deploy.0 = Release|Any CPU
		{280C8142-11B1-4B78-A633-EDCFCF955CBA}.Debug|Any CPU.ActiveCfg = Debug|Any CPU
		{280C8142-11B1-4B78-A633-EDCFCF955CBA}.Debug|Any CPU.Build.0 = Debug|Any CPU
		{280C8142-11B1-4B78-A633-EDCFCF955CBA}.Debug|Any CPU.Deploy.0 = Debug|Any CPU
		{280C8142-11B1-4B78-A633-EDCFCF955CBA}.Debug|iPhone.ActiveCfg = Debug|Any CPU
		{280C8142-11B1-4B78-A633-EDCFCF955CBA}.Debug|iPhone.Build.0 = Debug|Any CPU
		{280C8142-11B1-4B78-A633-EDCFCF955CBA}.Debug|iPhone.Deploy.0 = Debug|Any CPU
		{280C8142-11B1-4B78-A633-EDCFCF955CBA}.Debug|iPhoneSimulator.ActiveCfg = Debug|Any CPU
		{280C8142-11B1-4B78-A633-EDCFCF955CBA}.Debug|iPhoneSimulator.Build.0 = Debug|Any CPU
		{280C8142-11B1-4B78-A633-EDCFCF955CBA}.Debug|iPhoneSimulator.Deploy.0 = Debug|Any CPU
		{280C8142-11B1-4B78-A633-EDCFCF955CBA}.Release|Any CPU.ActiveCfg = Release|Any CPU
		{280C8142-11B1-4B78-A633-EDCFCF955CBA}.Release|Any CPU.Build.0 = Release|Any CPU
		{280C8142-11B1-4B78-A633-EDCFCF955CBA}.Release|Any CPU.Deploy.0 = Release|Any CPU
		{280C8142-11B1-4B78-A633-EDCFCF955CBA}.Release|iPhone.ActiveCfg = Release|Any CPU
		{280C8142-11B1-4B78-A633-EDCFCF955CBA}.Release|iPhone.Build.0 = Release|Any CPU
		{280C8142-11B1-4B78-A633-EDCFCF955CBA}.Release|iPhone.Deploy.0 = Release|Any CPU
		{280C8142-11B1-4B78-A633-EDCFCF955CBA}.Release|iPhoneSimulator.ActiveCfg = Release|Any CPU
		{280C8142-11B1-4B78-A633-EDCFCF955CBA}.Release|iPhoneSimulator.Build.0 = Release|Any CPU
		{280C8142-11B1-4B78-A633-EDCFCF955CBA}.Release|iPhoneSimulator.Deploy.0 = Release|Any CPU
		{407C4BCD-B599-4130-A905-41AC37142C90}.Ad-Hoc|Any CPU.ActiveCfg = Ad-Hoc|iPhone
		{407C4BCD-B599-4130-A905-41AC37142C90}.Ad-Hoc|iPhone.ActiveCfg = Ad-Hoc|iPhone
		{407C4BCD-B599-4130-A905-41AC37142C90}.Ad-Hoc|iPhone.Build.0 = Ad-Hoc|iPhone
		{407C4BCD-B599-4130-A905-41AC37142C90}.Ad-Hoc|iPhoneSimulator.ActiveCfg = Ad-Hoc|iPhoneSimulator
		{407C4BCD-B599-4130-A905-41AC37142C90}.Ad-Hoc|iPhoneSimulator.Build.0 = Ad-Hoc|iPhoneSimulator
		{407C4BCD-B599-4130-A905-41AC37142C90}.AppStore|Any CPU.ActiveCfg = AppStore|iPhone
		{407C4BCD-B599-4130-A905-41AC37142C90}.AppStore|iPhone.ActiveCfg = AppStore|iPhone
		{407C4BCD-B599-4130-A905-41AC37142C90}.AppStore|iPhone.Build.0 = AppStore|iPhone
		{407C4BCD-B599-4130-A905-41AC37142C90}.AppStore|iPhoneSimulator.ActiveCfg = AppStore|iPhoneSimulator
		{407C4BCD-B599-4130-A905-41AC37142C90}.AppStore|iPhoneSimulator.Build.0 = AppStore|iPhoneSimulator
		{407C4BCD-B599-4130-A905-41AC37142C90}.Debug|Any CPU.ActiveCfg = Debug|iPhone
		{407C4BCD-B599-4130-A905-41AC37142C90}.Debug|iPhone.ActiveCfg = Debug|iPhone
		{407C4BCD-B599-4130-A905-41AC37142C90}.Debug|iPhone.Build.0 = Debug|iPhone
		{407C4BCD-B599-4130-A905-41AC37142C90}.Debug|iPhoneSimulator.ActiveCfg = Debug|iPhoneSimulator
		{407C4BCD-B599-4130-A905-41AC37142C90}.Debug|iPhoneSimulator.Build.0 = Debug|iPhoneSimulator
		{407C4BCD-B599-4130-A905-41AC37142C90}.Release|Any CPU.ActiveCfg = Release|iPhone
		{407C4BCD-B599-4130-A905-41AC37142C90}.Release|iPhone.ActiveCfg = Release|iPhone
		{407C4BCD-B599-4130-A905-41AC37142C90}.Release|iPhone.Build.0 = Release|iPhone
		{407C4BCD-B599-4130-A905-41AC37142C90}.Release|iPhoneSimulator.ActiveCfg = Release|iPhoneSimulator
		{407C4BCD-B599-4130-A905-41AC37142C90}.Release|iPhoneSimulator.Build.0 = Release|iPhoneSimulator
		{BC885E91-BECA-40E4-97EC-97EC7A67628D}.Ad-Hoc|Any CPU.ActiveCfg = Debug|Any CPU
		{BC885E91-BECA-40E4-97EC-97EC7A67628D}.Ad-Hoc|Any CPU.Build.0 = Debug|Any CPU
		{BC885E91-BECA-40E4-97EC-97EC7A67628D}.Ad-Hoc|iPhone.ActiveCfg = Debug|Any CPU
		{BC885E91-BECA-40E4-97EC-97EC7A67628D}.Ad-Hoc|iPhone.Build.0 = Debug|Any CPU
		{BC885E91-BECA-40E4-97EC-97EC7A67628D}.Ad-Hoc|iPhoneSimulator.ActiveCfg = Debug|Any CPU
		{BC885E91-BECA-40E4-97EC-97EC7A67628D}.Ad-Hoc|iPhoneSimulator.Build.0 = Debug|Any CPU
		{BC885E91-BECA-40E4-97EC-97EC7A67628D}.AppStore|Any CPU.ActiveCfg = Debug|Any CPU
		{BC885E91-BECA-40E4-97EC-97EC7A67628D}.AppStore|Any CPU.Build.0 = Debug|Any CPU
		{BC885E91-BECA-40E4-97EC-97EC7A67628D}.AppStore|iPhone.ActiveCfg = Debug|Any CPU
		{BC885E91-BECA-40E4-97EC-97EC7A67628D}.AppStore|iPhone.Build.0 = Debug|Any CPU
		{BC885E91-BECA-40E4-97EC-97EC7A67628D}.AppStore|iPhoneSimulator.ActiveCfg = Debug|Any CPU
		{BC885E91-BECA-40E4-97EC-97EC7A67628D}.AppStore|iPhoneSimulator.Build.0 = Debug|Any CPU
		{BC885E91-BECA-40E4-97EC-97EC7A67628D}.Debug|Any CPU.ActiveCfg = Debug|Any CPU
		{BC885E91-BECA-40E4-97EC-97EC7A67628D}.Debug|Any CPU.Build.0 = Debug|Any CPU
		{BC885E91-BECA-40E4-97EC-97EC7A67628D}.Debug|iPhone.ActiveCfg = Debug|Any CPU
		{BC885E91-BECA-40E4-97EC-97EC7A67628D}.Debug|iPhone.Build.0 = Debug|Any CPU
		{BC885E91-BECA-40E4-97EC-97EC7A67628D}.Debug|iPhoneSimulator.ActiveCfg = Debug|Any CPU
		{BC885E91-BECA-40E4-97EC-97EC7A67628D}.Debug|iPhoneSimulator.Build.0 = Debug|Any CPU
		{BC885E91-BECA-40E4-97EC-97EC7A67628D}.Release|Any CPU.ActiveCfg = Release|Any CPU
		{BC885E91-BECA-40E4-97EC-97EC7A67628D}.Release|Any CPU.Build.0 = Release|Any CPU
		{BC885E91-BECA-40E4-97EC-97EC7A67628D}.Release|iPhone.ActiveCfg = Release|Any CPU
		{BC885E91-BECA-40E4-97EC-97EC7A67628D}.Release|iPhone.Build.0 = Release|Any CPU
		{BC885E91-BECA-40E4-97EC-97EC7A67628D}.Release|iPhoneSimulator.ActiveCfg = Release|Any CPU
		{BC885E91-BECA-40E4-97EC-97EC7A67628D}.Release|iPhoneSimulator.Build.0 = Release|Any CPU
		{3ED6D172-E50B-4FBB-9FF5-016EF83EAF00}.Ad-Hoc|Any CPU.ActiveCfg = Debug|Any CPU
		{3ED6D172-E50B-4FBB-9FF5-016EF83EAF00}.Ad-Hoc|Any CPU.Build.0 = Debug|Any CPU
		{3ED6D172-E50B-4FBB-9FF5-016EF83EAF00}.Ad-Hoc|iPhone.ActiveCfg = Debug|Any CPU
		{3ED6D172-E50B-4FBB-9FF5-016EF83EAF00}.Ad-Hoc|iPhone.Build.0 = Debug|Any CPU
		{3ED6D172-E50B-4FBB-9FF5-016EF83EAF00}.Ad-Hoc|iPhoneSimulator.ActiveCfg = Debug|Any CPU
		{3ED6D172-E50B-4FBB-9FF5-016EF83EAF00}.Ad-Hoc|iPhoneSimulator.Build.0 = Debug|Any CPU
		{3ED6D172-E50B-4FBB-9FF5-016EF83EAF00}.AppStore|Any CPU.ActiveCfg = Debug|Any CPU
		{3ED6D172-E50B-4FBB-9FF5-016EF83EAF00}.AppStore|Any CPU.Build.0 = Debug|Any CPU
		{3ED6D172-E50B-4FBB-9FF5-016EF83EAF00}.AppStore|iPhone.ActiveCfg = Debug|Any CPU
		{3ED6D172-E50B-4FBB-9FF5-016EF83EAF00}.AppStore|iPhone.Build.0 = Debug|Any CPU
		{3ED6D172-E50B-4FBB-9FF5-016EF83EAF00}.AppStore|iPhoneSimulator.ActiveCfg = Debug|Any CPU
		{3ED6D172-E50B-4FBB-9FF5-016EF83EAF00}.AppStore|iPhoneSimulator.Build.0 = Debug|Any CPU
		{3ED6D172-E50B-4FBB-9FF5-016EF83EAF00}.Debug|Any CPU.ActiveCfg = Debug|Any CPU
		{3ED6D172-E50B-4FBB-9FF5-016EF83EAF00}.Debug|Any CPU.Build.0 = Debug|Any CPU
		{3ED6D172-E50B-4FBB-9FF5-016EF83EAF00}.Debug|iPhone.ActiveCfg = Debug|Any CPU
		{3ED6D172-E50B-4FBB-9FF5-016EF83EAF00}.Debug|iPhone.Build.0 = Debug|Any CPU
		{3ED6D172-E50B-4FBB-9FF5-016EF83EAF00}.Debug|iPhoneSimulator.ActiveCfg = Debug|Any CPU
		{3ED6D172-E50B-4FBB-9FF5-016EF83EAF00}.Debug|iPhoneSimulator.Build.0 = Debug|Any CPU
		{3ED6D172-E50B-4FBB-9FF5-016EF83EAF00}.Release|Any CPU.ActiveCfg = Release|Any CPU
		{3ED6D172-E50B-4FBB-9FF5-016EF83EAF00}.Release|Any CPU.Build.0 = Release|Any CPU
		{3ED6D172-E50B-4FBB-9FF5-016EF83EAF00}.Release|iPhone.ActiveCfg = Release|Any CPU
		{3ED6D172-E50B-4FBB-9FF5-016EF83EAF00}.Release|iPhone.Build.0 = Release|Any CPU
		{3ED6D172-E50B-4FBB-9FF5-016EF83EAF00}.Release|iPhoneSimulator.ActiveCfg = Release|Any CPU
		{3ED6D172-E50B-4FBB-9FF5-016EF83EAF00}.Release|iPhoneSimulator.Build.0 = Release|Any CPU
		{87D8C711-6F62-4E25-9358-6D9BF138EA70}.Ad-Hoc|Any CPU.ActiveCfg = Debug|Any CPU
		{87D8C711-6F62-4E25-9358-6D9BF138EA70}.Ad-Hoc|Any CPU.Build.0 = Debug|Any CPU
		{87D8C711-6F62-4E25-9358-6D9BF138EA70}.Ad-Hoc|iPhone.ActiveCfg = Debug|Any CPU
		{87D8C711-6F62-4E25-9358-6D9BF138EA70}.Ad-Hoc|iPhone.Build.0 = Debug|Any CPU
		{87D8C711-6F62-4E25-9358-6D9BF138EA70}.Ad-Hoc|iPhoneSimulator.ActiveCfg = Debug|Any CPU
		{87D8C711-6F62-4E25-9358-6D9BF138EA70}.Ad-Hoc|iPhoneSimulator.Build.0 = Debug|Any CPU
		{87D8C711-6F62-4E25-9358-6D9BF138EA70}.AppStore|Any CPU.ActiveCfg = Debug|Any CPU
		{87D8C711-6F62-4E25-9358-6D9BF138EA70}.AppStore|Any CPU.Build.0 = Debug|Any CPU
		{87D8C711-6F62-4E25-9358-6D9BF138EA70}.AppStore|iPhone.ActiveCfg = Debug|Any CPU
		{87D8C711-6F62-4E25-9358-6D9BF138EA70}.AppStore|iPhone.Build.0 = Debug|Any CPU
		{87D8C711-6F62-4E25-9358-6D9BF138EA70}.AppStore|iPhoneSimulator.ActiveCfg = Debug|Any CPU
		{87D8C711-6F62-4E25-9358-6D9BF138EA70}.AppStore|iPhoneSimulator.Build.0 = Debug|Any CPU
		{87D8C711-6F62-4E25-9358-6D9BF138EA70}.Debug|Any CPU.ActiveCfg = Debug|Any CPU
		{87D8C711-6F62-4E25-9358-6D9BF138EA70}.Debug|Any CPU.Build.0 = Debug|Any CPU
		{87D8C711-6F62-4E25-9358-6D9BF138EA70}.Debug|iPhone.ActiveCfg = Debug|Any CPU
		{87D8C711-6F62-4E25-9358-6D9BF138EA70}.Debug|iPhone.Build.0 = Debug|Any CPU
		{87D8C711-6F62-4E25-9358-6D9BF138EA70}.Debug|iPhoneSimulator.ActiveCfg = Debug|Any CPU
		{87D8C711-6F62-4E25-9358-6D9BF138EA70}.Debug|iPhoneSimulator.Build.0 = Debug|Any CPU
		{87D8C711-6F62-4E25-9358-6D9BF138EA70}.Release|Any CPU.ActiveCfg = Release|Any CPU
		{87D8C711-6F62-4E25-9358-6D9BF138EA70}.Release|Any CPU.Build.0 = Release|Any CPU
		{87D8C711-6F62-4E25-9358-6D9BF138EA70}.Release|iPhone.ActiveCfg = Release|Any CPU
		{87D8C711-6F62-4E25-9358-6D9BF138EA70}.Release|iPhone.Build.0 = Release|Any CPU
		{87D8C711-6F62-4E25-9358-6D9BF138EA70}.Release|iPhoneSimulator.ActiveCfg = Release|Any CPU
		{87D8C711-6F62-4E25-9358-6D9BF138EA70}.Release|iPhoneSimulator.Build.0 = Release|Any CPU
		{F98F9D84-0C2E-43C9-959A-AAFD3646A533}.Ad-Hoc|Any CPU.ActiveCfg = Debug|Any CPU
		{F98F9D84-0C2E-43C9-959A-AAFD3646A533}.Ad-Hoc|Any CPU.Build.0 = Debug|Any CPU
		{F98F9D84-0C2E-43C9-959A-AAFD3646A533}.Ad-Hoc|iPhone.ActiveCfg = Debug|Any CPU
		{F98F9D84-0C2E-43C9-959A-AAFD3646A533}.Ad-Hoc|iPhone.Build.0 = Debug|Any CPU
		{F98F9D84-0C2E-43C9-959A-AAFD3646A533}.Ad-Hoc|iPhoneSimulator.ActiveCfg = Debug|Any CPU
		{F98F9D84-0C2E-43C9-959A-AAFD3646A533}.Ad-Hoc|iPhoneSimulator.Build.0 = Debug|Any CPU
		{F98F9D84-0C2E-43C9-959A-AAFD3646A533}.AppStore|Any CPU.ActiveCfg = Debug|Any CPU
		{F98F9D84-0C2E-43C9-959A-AAFD3646A533}.AppStore|Any CPU.Build.0 = Debug|Any CPU
		{F98F9D84-0C2E-43C9-959A-AAFD3646A533}.AppStore|iPhone.ActiveCfg = Debug|Any CPU
		{F98F9D84-0C2E-43C9-959A-AAFD3646A533}.AppStore|iPhone.Build.0 = Debug|Any CPU
		{F98F9D84-0C2E-43C9-959A-AAFD3646A533}.AppStore|iPhoneSimulator.ActiveCfg = Debug|Any CPU
		{F98F9D84-0C2E-43C9-959A-AAFD3646A533}.AppStore|iPhoneSimulator.Build.0 = Debug|Any CPU
		{F98F9D84-0C2E-43C9-959A-AAFD3646A533}.Debug|Any CPU.ActiveCfg = Debug|Any CPU
		{F98F9D84-0C2E-43C9-959A-AAFD3646A533}.Debug|Any CPU.Build.0 = Debug|Any CPU
		{F98F9D84-0C2E-43C9-959A-AAFD3646A533}.Debug|iPhone.ActiveCfg = Debug|Any CPU
		{F98F9D84-0C2E-43C9-959A-AAFD3646A533}.Debug|iPhone.Build.0 = Debug|Any CPU
		{F98F9D84-0C2E-43C9-959A-AAFD3646A533}.Debug|iPhoneSimulator.ActiveCfg = Debug|Any CPU
		{F98F9D84-0C2E-43C9-959A-AAFD3646A533}.Debug|iPhoneSimulator.Build.0 = Debug|Any CPU
		{F98F9D84-0C2E-43C9-959A-AAFD3646A533}.Release|Any CPU.ActiveCfg = Release|Any CPU
		{F98F9D84-0C2E-43C9-959A-AAFD3646A533}.Release|Any CPU.Build.0 = Release|Any CPU
		{F98F9D84-0C2E-43C9-959A-AAFD3646A533}.Release|iPhone.ActiveCfg = Release|Any CPU
		{F98F9D84-0C2E-43C9-959A-AAFD3646A533}.Release|iPhone.Build.0 = Release|Any CPU
		{F98F9D84-0C2E-43C9-959A-AAFD3646A533}.Release|iPhoneSimulator.ActiveCfg = Release|Any CPU
		{F98F9D84-0C2E-43C9-959A-AAFD3646A533}.Release|iPhoneSimulator.Build.0 = Release|Any CPU
		{3CED01C8-C155-4DA7-A402-81E2C33FF5B4}.Ad-Hoc|Any CPU.ActiveCfg = Debug|Any CPU
		{3CED01C8-C155-4DA7-A402-81E2C33FF5B4}.Ad-Hoc|Any CPU.Build.0 = Debug|Any CPU
		{3CED01C8-C155-4DA7-A402-81E2C33FF5B4}.Ad-Hoc|iPhone.ActiveCfg = Debug|Any CPU
		{3CED01C8-C155-4DA7-A402-81E2C33FF5B4}.Ad-Hoc|iPhone.Build.0 = Debug|Any CPU
		{3CED01C8-C155-4DA7-A402-81E2C33FF5B4}.Ad-Hoc|iPhoneSimulator.ActiveCfg = Debug|Any CPU
		{3CED01C8-C155-4DA7-A402-81E2C33FF5B4}.Ad-Hoc|iPhoneSimulator.Build.0 = Debug|Any CPU
		{3CED01C8-C155-4DA7-A402-81E2C33FF5B4}.AppStore|Any CPU.ActiveCfg = Debug|Any CPU
		{3CED01C8-C155-4DA7-A402-81E2C33FF5B4}.AppStore|Any CPU.Build.0 = Debug|Any CPU
		{3CED01C8-C155-4DA7-A402-81E2C33FF5B4}.AppStore|iPhone.ActiveCfg = Debug|Any CPU
		{3CED01C8-C155-4DA7-A402-81E2C33FF5B4}.AppStore|iPhone.Build.0 = Debug|Any CPU
		{3CED01C8-C155-4DA7-A402-81E2C33FF5B4}.AppStore|iPhoneSimulator.ActiveCfg = Debug|Any CPU
		{3CED01C8-C155-4DA7-A402-81E2C33FF5B4}.AppStore|iPhoneSimulator.Build.0 = Debug|Any CPU
		{3CED01C8-C155-4DA7-A402-81E2C33FF5B4}.Debug|Any CPU.ActiveCfg = Debug|Any CPU
		{3CED01C8-C155-4DA7-A402-81E2C33FF5B4}.Debug|Any CPU.Build.0 = Debug|Any CPU
		{3CED01C8-C155-4DA7-A402-81E2C33FF5B4}.Debug|iPhone.ActiveCfg = Debug|Any CPU
		{3CED01C8-C155-4DA7-A402-81E2C33FF5B4}.Debug|iPhone.Build.0 = Debug|Any CPU
		{3CED01C8-C155-4DA7-A402-81E2C33FF5B4}.Debug|iPhoneSimulator.ActiveCfg = Debug|Any CPU
		{3CED01C8-C155-4DA7-A402-81E2C33FF5B4}.Debug|iPhoneSimulator.Build.0 = Debug|Any CPU
		{3CED01C8-C155-4DA7-A402-81E2C33FF5B4}.Release|Any CPU.ActiveCfg = Release|Any CPU
		{3CED01C8-C155-4DA7-A402-81E2C33FF5B4}.Release|Any CPU.Build.0 = Release|Any CPU
		{3CED01C8-C155-4DA7-A402-81E2C33FF5B4}.Release|iPhone.ActiveCfg = Release|Any CPU
		{3CED01C8-C155-4DA7-A402-81E2C33FF5B4}.Release|iPhone.Build.0 = Release|Any CPU
		{3CED01C8-C155-4DA7-A402-81E2C33FF5B4}.Release|iPhoneSimulator.ActiveCfg = Release|Any CPU
		{3CED01C8-C155-4DA7-A402-81E2C33FF5B4}.Release|iPhoneSimulator.Build.0 = Release|Any CPU
	EndGlobalSection
	GlobalSection(SolutionProperties) = preSolution
		HideSolutionNode = FALSE
	EndGlobalSection
	GlobalSection(ExtensibilityGlobals) = postSolution
		SolutionGuid = {91F4A0A9-1074-4296-936C-C7C6DA2AE76E}
	EndGlobalSection
EndGlobal
